// !$*UTF8*$!
{
	archiveVersion = 1;
	classes = {
	};
	objectVersion = 46;
	objects = {

/* Begin PBXBuildFile section */
		4458556E47E97BF5309F9294 /* Pods_RainyShiny.framework in Frameworks */ = {isa = PBXBuildFile; fileRef = 19E1652DB267A84D8BC48C52 /* Pods_RainyShiny.framework */; };
		AFB655A61DDFF34400E492E1 /* Forecast.swift in Sources */ = {isa = PBXBuildFile; fileRef = AFB655A51DDFF34400E492E1 /* Forecast.swift */; };
		AFB655A81DE000C100E492E1 /* ConversionHelpers.swift in Sources */ = {isa = PBXBuildFile; fileRef = AFB655A71DE000C100E492E1 /* ConversionHelpers.swift */; };
		AFCF006A1DDC0DA9005F413B /* Constants.swift in Sources */ = {isa = PBXBuildFile; fileRef = AFCF00691DDC0DA9005F413B /* Constants.swift */; };
		AFCF006C1DDD46ED005F413B /* CurrentWeather.swift in Sources */ = {isa = PBXBuildFile; fileRef = AFCF006B1DDD46ED005F413B /* CurrentWeather.swift */; };
		AFE53AD11DDA9B07006DABD5 /* AppDelegate.swift in Sources */ = {isa = PBXBuildFile; fileRef = AFE53AD01DDA9B07006DABD5 /* AppDelegate.swift */; };
		AFE53AD31DDA9B07006DABD5 /* WeatherViewController.swift in Sources */ = {isa = PBXBuildFile; fileRef = AFE53AD21DDA9B07006DABD5 /* WeatherViewController.swift */; };
		AFE53AD61DDA9B07006DABD5 /* Main.storyboard in Resources */ = {isa = PBXBuildFile; fileRef = AFE53AD41DDA9B07006DABD5 /* Main.storyboard */; };
		AFE53AD81DDA9B07006DABD5 /* Assets.xcassets in Resources */ = {isa = PBXBuildFile; fileRef = AFE53AD71DDA9B07006DABD5 /* Assets.xcassets */; };
		AFE53ADB1DDA9B07006DABD5 /* LaunchScreen.storyboard in Resources */ = {isa = PBXBuildFile; fileRef = AFE53AD91DDA9B07006DABD5 /* LaunchScreen.storyboard */; };
/* End PBXBuildFile section */

/* Begin PBXFileReference section */
		19E1652DB267A84D8BC48C52 /* Pods_RainyShiny.framework */ = {isa = PBXFileReference; explicitFileType = wrapper.framework; includeInIndex = 0; path = Pods_RainyShiny.framework; sourceTree = BUILT_PRODUCTS_DIR; };
		3EE28CE8C53460A7CE25B8D0 /* Pods-RainyShiny.debug.xcconfig */ = {isa = PBXFileReference; includeInIndex = 1; lastKnownFileType = text.xcconfig; name = "Pods-RainyShiny.debug.xcconfig"; path = "Pods/Target Support Files/Pods-RainyShiny/Pods-RainyShiny.debug.xcconfig"; sourceTree = "<group>"; };
		AFB655A51DDFF34400E492E1 /* Forecast.swift */ = {isa = PBXFileReference; fileEncoding = 4; lastKnownFileType = sourcecode.swift; path = Forecast.swift; sourceTree = "<group>"; };
		AFB655A71DE000C100E492E1 /* ConversionHelpers.swift */ = {isa = PBXFileReference; fileEncoding = 4; lastKnownFileType = sourcecode.swift; path = ConversionHelpers.swift; sourceTree = "<group>"; };
		AFCF00691DDC0DA9005F413B /* Constants.swift */ = {isa = PBXFileReference; fileEncoding = 4; lastKnownFileType = sourcecode.swift; path = Constants.swift; sourceTree = "<group>"; };
		AFCF006B1DDD46ED005F413B /* CurrentWeather.swift */ = {isa = PBXFileReference; fileEncoding = 4; lastKnownFileType = sourcecode.swift; path = CurrentWeather.swift; sourceTree = "<group>"; };
		AFE53ACD1DDA9B07006DABD5 /* RainyShiny.app */ = {isa = PBXFileReference; explicitFileType = wrapper.application; includeInIndex = 0; path = RainyShiny.app; sourceTree = BUILT_PRODUCTS_DIR; };
		AFE53AD01DDA9B07006DABD5 /* AppDelegate.swift */ = {isa = PBXFileReference; lastKnownFileType = sourcecode.swift; path = AppDelegate.swift; sourceTree = "<group>"; };
		AFE53AD21DDA9B07006DABD5 /* WeatherViewController.swift */ = {isa = PBXFileReference; lastKnownFileType = sourcecode.swift; path = WeatherViewController.swift; sourceTree = "<group>"; };
		AFE53AD51DDA9B07006DABD5 /* Base */ = {isa = PBXFileReference; lastKnownFileType = file.storyboard; name = Base; path = Base.lproj/Main.storyboard; sourceTree = "<group>"; };
		AFE53AD71DDA9B07006DABD5 /* Assets.xcassets */ = {isa = PBXFileReference; lastKnownFileType = folder.assetcatalog; path = Assets.xcassets; sourceTree = "<group>"; };
		AFE53ADA1DDA9B07006DABD5 /* Base */ = {isa = PBXFileReference; lastKnownFileType = file.storyboard; name = Base; path = Base.lproj/LaunchScreen.storyboard; sourceTree = "<group>"; };
		AFE53ADC1DDA9B07006DABD5 /* Info.plist */ = {isa = PBXFileReference; lastKnownFileType = text.plist.xml; path = Info.plist; sourceTree = "<group>"; };
		B0AAD948E2C30EB6DDDF6121 /* Pods-RainyShiny.release.xcconfig */ = {isa = PBXFileReference; includeInIndex = 1; lastKnownFileType = text.xcconfig; name = "Pods-RainyShiny.release.xcconfig"; path = "Pods/Target Support Files/Pods-RainyShiny/Pods-RainyShiny.release.xcconfig"; sourceTree = "<group>"; };
/* End PBXFileReference section */

/* Begin PBXFrameworksBuildPhase section */
		AFE53ACA1DDA9B06006DABD5 /* Frameworks */ = {
			isa = PBXFrameworksBuildPhase;
			buildActionMask = 2147483647;
			files = (
				4458556E47E97BF5309F9294 /* Pods_RainyShiny.framework in Frameworks */,
			);
			runOnlyForDeploymentPostprocessing = 0;
		};
/* End PBXFrameworksBuildPhase section */

/* Begin PBXGroup section */
		9CAB1D9473F621F740645B3C /* Pods */ = {
			isa = PBXGroup;
			children = (
				3EE28CE8C53460A7CE25B8D0 /* Pods-RainyShiny.debug.xcconfig */,
				B0AAD948E2C30EB6DDDF6121 /* Pods-RainyShiny.release.xcconfig */,
			);
			name = Pods;
			sourceTree = "<group>";
		};
		AFE53AC41DDA9B06006DABD5 = {
			isa = PBXGroup;
			children = (
				AFE53ACF1DDA9B07006DABD5 /* RainyShiny */,
				AFE53ACE1DDA9B07006DABD5 /* Products */,
				9CAB1D9473F621F740645B3C /* Pods */,
				F630A238449E8C65F2AF0A0B /* Frameworks */,
			);
			sourceTree = "<group>";
		};
		AFE53ACE1DDA9B07006DABD5 /* Products */ = {
			isa = PBXGroup;
			children = (
				AFE53ACD1DDA9B07006DABD5 /* RainyShiny.app */,
			);
			name = Products;
			sourceTree = "<group>";
		};
		AFE53ACF1DDA9B07006DABD5 /* RainyShiny */ = {
			isa = PBXGroup;
			children = (
				AFE53AD01DDA9B07006DABD5 /* AppDelegate.swift */,
				AFE53AD21DDA9B07006DABD5 /* WeatherViewController.swift */,
				AFE53AD41DDA9B07006DABD5 /* Main.storyboard */,
				AFE53AD71DDA9B07006DABD5 /* Assets.xcassets */,
				AFE53AD91DDA9B07006DABD5 /* LaunchScreen.storyboard */,
				AFE53ADC1DDA9B07006DABD5 /* Info.plist */,
				AFCF00691DDC0DA9005F413B /* Constants.swift */,
				AFCF006B1DDD46ED005F413B /* CurrentWeather.swift */,
				AFB655A51DDFF34400E492E1 /* Forecast.swift */,
				AFB655A71DE000C100E492E1 /* ConversionHelpers.swift */,
			);
			path = RainyShiny;
			sourceTree = "<group>";
		};
		F630A238449E8C65F2AF0A0B /* Frameworks */ = {
			isa = PBXGroup;
			children = (
				19E1652DB267A84D8BC48C52 /* Pods_RainyShiny.framework */,
			);
			name = Frameworks;
			sourceTree = "<group>";
		};
/* End PBXGroup section */

/* Begin PBXNativeTarget section */
		AFE53ACC1DDA9B06006DABD5 /* RainyShiny */ = {
			isa = PBXNativeTarget;
			buildConfigurationList = AFE53ADF1DDA9B07006DABD5 /* Build configuration list for PBXNativeTarget "RainyShiny" */;
			buildPhases = (
				0BDD70B49996F898215EBB29 /* [CP] Check Pods Manifest.lock */,
				AFE53AC91DDA9B06006DABD5 /* Sources */,
				AFE53ACA1DDA9B06006DABD5 /* Frameworks */,
				AFE53ACB1DDA9B06006DABD5 /* Resources */,
				E92D7BEBD3C0AE87D784ECC3 /* [CP] Embed Pods Frameworks */,
				3CF72EF605251BD3A0B44EDF /* [CP] Copy Pods Resources */,
			);
			buildRules = (
			);
			dependencies = (
			);
			name = RainyShiny;
			productName = RainyShiny;
			productReference = AFE53ACD1DDA9B07006DABD5 /* RainyShiny.app */;
			productType = "com.apple.product-type.application";
		};
/* End PBXNativeTarget section */

/* Begin PBXProject section */
		AFE53AC51DDA9B06006DABD5 /* Project object */ = {
			isa = PBXProject;
			attributes = {
				LastSwiftUpdateCheck = 0810;
				LastUpgradeCheck = 0810;
				ORGANIZATIONNAME = "Student Driver";
				TargetAttributes = {
					AFE53ACC1DDA9B06006DABD5 = {
						CreatedOnToolsVersion = 8.1;
						DevelopmentTeam = ND43N89R4B;
						ProvisioningStyle = Automatic;
					};
				};
			};
			buildConfigurationList = AFE53AC81DDA9B06006DABD5 /* Build configuration list for PBXProject "RainyShiny" */;
			compatibilityVersion = "Xcode 3.2";
			developmentRegion = English;
			hasScannedForEncodings = 0;
			knownRegions = (
				en,
				Base,
			);
			mainGroup = AFE53AC41DDA9B06006DABD5;
			productRefGroup = AFE53ACE1DDA9B07006DABD5 /* Products */;
			projectDirPath = "";
			projectRoot = "";
			targets = (
				AFE53ACC1DDA9B06006DABD5 /* RainyShiny */,
			);
		};
/* End PBXProject section */

/* Begin PBXResourcesBuildPhase section */
		AFE53ACB1DDA9B06006DABD5 /* Resources */ = {
			isa = PBXResourcesBuildPhase;
			buildActionMask = 2147483647;
			files = (
				AFE53ADB1DDA9B07006DABD5 /* LaunchScreen.storyboard in Resources */,
				AFE53AD81DDA9B07006DABD5 /* Assets.xcassets in Resources */,
				AFE53AD61DDA9B07006DABD5 /* Main.storyboard in Resources */,
			);
			runOnlyForDeploymentPostprocessing = 0;
		};
/* End PBXResourcesBuildPhase section */

/* Begin PBXShellScriptBuildPhase section */
		0BDD70B49996F898215EBB29 /* [CP] Check Pods Manifest.lock */ = {
			isa = PBXShellScriptBuildPhase;
			buildActionMask = 2147483647;
			files = (
			);
			inputPaths = (
			);
			name = "[CP] Check Pods Manifest.lock";
			outputPaths = (
			);
			runOnlyForDeploymentPostprocessing = 0;
			shellPath = /bin/sh;
			shellScript = "diff \"${PODS_ROOT}/../Podfile.lock\" \"${PODS_ROOT}/Manifest.lock\" > /dev/null\nif [ $? != 0 ] ; then\n    # print error to STDERR\n    echo \"error: The sandbox is not in sync with the Podfile.lock. Run 'pod install' or update your CocoaPods installation.\" >&2\n    exit 1\nfi\n";
			showEnvVarsInLog = 0;
		};
		3CF72EF605251BD3A0B44EDF /* [CP] Copy Pods Resources */ = {
			isa = PBXShellScriptBuildPhase;
			buildActionMask = 2147483647;
			files = (
			);
			inputPaths = (
			);
			name = "[CP] Copy Pods Resources";
			outputPaths = (
			);
			runOnlyForDeploymentPostprocessing = 0;
			shellPath = /bin/sh;
			shellScript = "\"${SRCROOT}/Pods/Target Support Files/Pods-RainyShiny/Pods-RainyShiny-resources.sh\"\n";
			showEnvVarsInLog = 0;
		};
		E92D7BEBD3C0AE87D784ECC3 /* [CP] Embed Pods Frameworks */ = {
			isa = PBXShellScriptBuildPhase;
			buildActionMask = 2147483647;
			files = (
			);
			inputPaths = (
			);
			name = "[CP] Embed Pods Frameworks";
			outputPaths = (
			);
			runOnlyForDeploymentPostprocessing = 0;
			shellPath = /bin/sh;
			shellScript = "\"${SRCROOT}/Pods/Target Support Files/Pods-RainyShiny/Pods-RainyShiny-frameworks.sh\"\n";
			showEnvVarsInLog = 0;
		};
/* End PBXShellScriptBuildPhase section */

/* Begin PBXSourcesBuildPhase section */
		AFE53AC91DDA9B06006DABD5 /* Sources */ = {
			isa = PBXSourcesBuildPhase;
			buildActionMask = 2147483647;
			files = (
				AFE53AD31DDA9B07006DABD5 /* WeatherViewController.swift in Sources */,
				AFE53AD11DDA9B07006DABD5 /* AppDelegate.swift in Sources */,
				AFCF006C1DDD46ED005F413B /* CurrentWeather.swift in Sources */,
				AFB655A81DE000C100E492E1 /* ConversionHelpers.swift in Sources */,
				AFCF006A1DDC0DA9005F413B /* Constants.swift in Sources */,
				AFB655A61DDFF34400E492E1 /* Forecast.swift in Sources */,
			);
			runOnlyForDeploymentPostprocessing = 0;
		};
/* End PBXSourcesBuildPhase section */

/* Begin PBXVariantGroup section */
		AFE53AD41DDA9B07006DABD5 /* Main.storyboard */ = {
			isa = PBXVariantGroup;
			children = (
				AFE53AD51DDA9B07006DABD5 /* Base */,
			);
			name = Main.storyboard;
			sourceTree = "<group>";
		};
		AFE53AD91DDA9B07006DABD5 /* LaunchScreen.storyboard */ = {
			isa = PBXVariantGroup;
			children = (
				AFE53ADA1DDA9B07006DABD5 /* Base */,
			);
			name = LaunchScreen.storyboard;
			sourceTree = "<group>";
		};
/* End PBXVariantGroup section */

/* Begin XCBuildConfiguration section */
		AFE53ADD1DDA9B07006DABD5 /* Debug */ = {
			isa = XCBuildConfiguration;
			buildSettings = {
				ALWAYS_SEARCH_USER_PATHS = NO;
				CLANG_ANALYZER_NONNULL = YES;
				CLANG_CXX_LANGUAGE_STANDARD = "gnu++0x";
				CLANG_CXX_LIBRARY = "libc++";
				CLANG_ENABLE_MODULES = YES;
				CLANG_ENABLE_OBJC_ARC = YES;
				CLANG_WARN_BOOL_CONVERSION = YES;
				CLANG_WARN_CONSTANT_CONVERSION = YES;
				CLANG_WARN_DIRECT_OBJC_ISA_USAGE = YES_ERROR;
				CLANG_WARN_DOCUMENTATION_COMMENTS = YES;
				CLANG_WARN_EMPTY_BODY = YES;
				CLANG_WARN_ENUM_CONVERSION = YES;
				CLANG_WARN_INFINITE_RECURSION = YES;
				CLANG_WARN_INT_CONVERSION = YES;
				CLANG_WARN_OBJC_ROOT_CLASS = YES_ERROR;
				CLANG_WARN_SUSPICIOUS_MOVES = YES;
				CLANG_WARN_UNREACHABLE_CODE = YES;
				CLANG_WARN__DUPLICATE_METHOD_MATCH = YES;
				"CODE_SIGN_IDENTITY[sdk=iphoneos*]" = "iPhone Developer";
				COPY_PHASE_STRIP = NO;
				DEBUG_INFORMATION_FORMAT = dwarf;
				ENABLE_STRICT_OBJC_MSGSEND = YES;
				ENABLE_TESTABILITY = YES;
				GCC_C_LANGUAGE_STANDARD = gnu99;
				GCC_DYNAMIC_NO_PIC = NO;
				GCC_NO_COMMON_BLOCKS = YES;
				GCC_OPTIMIZATION_LEVEL = 0;
				GCC_PREPROCESSOR_DEFINITIONS = (
					"DEBUG=1",
					"$(inherited)",
				);
				GCC_WARN_64_TO_32_BIT_CONVERSION = YES;
				GCC_WARN_ABOUT_RETURN_TYPE = YES_ERROR;
				GCC_WARN_UNDECLARED_SELECTOR = YES;
				GCC_WARN_UNINITIALIZED_AUTOS = YES_AGGRESSIVE;
				GCC_WARN_UNUSED_FUNCTION = YES;
				GCC_WARN_UNUSED_VARIABLE = YES;
				IPHONEOS_DEPLOYMENT_TARGET = 10.1;
				MTL_ENABLE_DEBUG_INFO = YES;
				ONLY_ACTIVE_ARCH = YES;
				SDKROOT = iphoneos;
				SWIFT_ACTIVE_COMPILATION_CONDITIONS = DEBUG;
				SWIFT_OPTIMIZATION_LEVEL = "-Onone";
				TARGETED_DEVICE_FAMILY = "1,2";
			};
			name = Debug;
		};
		AFE53ADE1DDA9B07006DABD5 /* Release */ = {
			isa = XCBuildConfiguration;
			buildSettings = {
				ALWAYS_SEARCH_USER_PATHS = NO;
				CLANG_ANALYZER_NONNULL = YES;
				CLANG_CXX_LANGUAGE_STANDARD = "gnu++0x";
				CLANG_CXX_LIBRARY = "libc++";
				CLANG_ENABLE_MODULES = YES;
				CLANG_ENABLE_OBJC_ARC = YES;
				CLANG_WARN_BOOL_CONVERSION = YES;
				CLANG_WARN_CONSTANT_CONVERSION = YES;
				CLANG_WARN_DIRECT_OBJC_ISA_USAGE = YES_ERROR;
				CLANG_WARN_DOCUMENTATION_COMMENTS = YES;
				CLANG_WARN_EMPTY_BODY = YES;
				CLANG_WARN_ENUM_CONVERSION = YES;
				CLANG_WARN_INFINITE_RECURSION = YES;
				CLANG_WARN_INT_CONVERSION = YES;
				CLANG_WARN_OBJC_ROOT_CLASS = YES_ERROR;
				CLANG_WARN_SUSPICIOUS_MOVES = YES;
				CLANG_WARN_UNREACHABLE_CODE = YES;
				CLANG_WARN__DUPLICATE_METHOD_MATCH = YES;
				"CODE_SIGN_IDENTITY[sdk=iphoneos*]" = "iPhone Developer";
				COPY_PHASE_STRIP = NO;
				DEBUG_INFORMATION_FORMAT = "dwarf-with-dsym";
				ENABLE_NS_ASSERTIONS = NO;
				ENABLE_STRICT_OBJC_MSGSEND = YES;
				GCC_C_LANGUAGE_STANDARD = gnu99;
				GCC_NO_COMMON_BLOCKS = YES;
				GCC_WARN_64_TO_32_BIT_CONVERSION = YES;
				GCC_WARN_ABOUT_RETURN_TYPE = YES_ERROR;
				GCC_WARN_UNDECLARED_SELECTOR = YES;
				GCC_WARN_UNINITIALIZED_AUTOS = YES_AGGRESSIVE;
				GCC_WARN_UNUSED_FUNCTION = YES;
				GCC_WARN_UNUSED_VARIABLE = YES;
				IPHONEOS_DEPLOYMENT_TARGET = 10.1;
				MTL_ENABLE_DEBUG_INFO = NO;
				SDKROOT = iphoneos;
				SWIFT_OPTIMIZATION_LEVEL = "-Owholemodule";
				TARGETED_DEVICE_FAMILY = "1,2";
				VALIDATE_PRODUCT = YES;
			};
			name = Release;
		};
		AFE53AE01DDA9B07006DABD5 /* Debug */ = {
			isa = XCBuildConfiguration;
			baseConfigurationReference = 3EE28CE8C53460A7CE25B8D0 /* Pods-RainyShiny.debug.xcconfig */;
			buildSettings = {
				ASSETCATALOG_COMPILER_APPICON_NAME = AppIcon;
				DEVELOPMENT_TEAM = ND43N89R4B;
				INFOPLIST_FILE = RainyShiny/Info.plist;
				LD_RUNPATH_SEARCH_PATHS = "$(inherited) @executable_path/Frameworks";
				PRODUCT_BUNDLE_IDENTIFIER = com.studentdriver.RainyShiny;
				PRODUCT_NAME = "$(TARGET_NAME)";
				SWIFT_VERSION = 3.0;
				TARGETED_DEVICE_FAMILY = 1;
			};
			name = Debug;
		};
		AFE53AE11DDA9B07006DABD5 /* Release */ = {
			isa = XCBuildConfiguration;
			baseConfigurationReference = B0AAD948E2C30EB6DDDF6121 /* Pods-RainyShiny.release.xcconfig */;
			buildSettings = {
				ASSETCATALOG_COMPILER_APPICON_NAME = AppIcon;
				DEVELOPMENT_TEAM = ND43N89R4B;
				INFOPLIST_FILE = RainyShiny/Info.plist;
				LD_RUNPATH_SEARCH_PATHS = "$(inherited) @executable_path/Frameworks";
				PRODUCT_BUNDLE_IDENTIFIER = com.studentdriver.RainyShiny;
				PRODUCT_NAME = "$(TARGET_NAME)";
				SWIFT_VERSION = 3.0;
				TARGETED_DEVICE_FAMILY = 1;
			};
			name = Release;
		};
/* End XCBuildConfiguration section */

/* Begin XCConfigurationList section */
		AFE53AC81DDA9B06006DABD5 /* Build configuration list for PBXProject "RainyShiny" */ = {
			isa = XCConfigurationList;
			buildConfigurations = (
				AFE53ADD1DDA9B07006DABD5 /* Debug */,
				AFE53ADE1DDA9B07006DABD5 /* Release */,
			);
			defaultConfigurationIsVisible = 0;
			defaultConfigurationName = Release;
		};
		AFE53ADF1DDA9B07006DABD5 /* Build configuration list for PBXNativeTarget "RainyShiny" */ = {
			isa = XCConfigurationList;
			buildConfigurations = (
				AFE53AE01DDA9B07006DABD5 /* Debug */,
				AFE53AE11DDA9B07006DABD5 /* Release */,
			);
			defaultConfigurationIsVisible = 0;
			defaultConfigurationName = Release;
		};
/* End XCConfigurationList section */
	};
	rootObject = AFE53AC51DDA9B06006DABD5 /* Project object */;
}
